
Microsoft Visual Studio Solution File, Format Version 12.00
# Visual Studio Version 17
VisualStudioVersion = 17.9.34902.65
MinimumVisualStudioVersion = 10.0.40219.1
Project("{9A19103F-16F7-4668-BE54-9A1E7A4F7556}") = "LinqIntro", "LinqIntro\LinqIntro.csproj", "{6139425A-4227-46C0-A77D-EA5F0B279581}"
EndProject
Project("{9A19103F-16F7-4668-BE54-9A1E7A4F7556}") = "Patikafy", "Patikafy\Patikafy.csproj", "{FCC881CC-8091-445D-B629-0CD1276356C2}"
EndProject
Project("{9A19103F-16F7-4668-BE54-9A1E7A4F7556}") = "Patikaflix", "Patikaflix\Patikaflix.csproj", "{CB829403-9D51-43B6-93EB-409913F75AEA}"
EndProject
Project("{FAE04EC0-301F-11D3-BF4B-00C04F79EFBC}") = "LinqJoin", "LinqJoin\LinqJoin.csproj", "{A78DCCA5-9C62-4C97-A613-D9CAF36A4EFE}"
EndProject
Project("{FAE04EC0-301F-11D3-BF4B-00C04F79EFBC}") = "LinqGroupJoin", "LinqGroupJoin\LinqGroupJoin.csproj", "{FFE650EB-ECB1-49E3-8B8E-61993FE8C95D}"
EndProject
Global
	GlobalSection(SolutionConfigurationPlatforms) = preSolution
		Debug|Any CPU = Debug|Any CPU
		Release|Any CPU = Release|Any CPU
	EndGlobalSection
	GlobalSection(ProjectConfigurationPlatforms) = postSolution
		{6139425A-4227-46C0-A77D-EA5F0B279581}.Debug|Any CPU.ActiveCfg = Debug|Any CPU
		{6139425A-4227-46C0-A77D-EA5F0B279581}.Debug|Any CPU.Build.0 = Debug|Any CPU
		{6139425A-4227-46C0-A77D-EA5F0B279581}.Release|Any CPU.ActiveCfg = Release|Any CPU
		{6139425A-4227-46C0-A77D-EA5F0B279581}.Release|Any CPU.Build.0 = Release|Any CPU
		{FCC881CC-8091-445D-B629-0CD1276356C2}.Debug|Any CPU.ActiveCfg = Debug|Any CPU
		{FCC881CC-8091-445D-B629-0CD1276356C2}.Debug|Any CPU.Build.0 = Debug|Any CPU
		{FCC881CC-8091-445D-B629-0CD1276356C2}.Release|Any CPU.ActiveCfg = Release|Any CPU
		{FCC881CC-8091-445D-B629-0CD1276356C2}.Release|Any CPU.Build.0 = Release|Any CPU
		{CB829403-9D51-43B6-93EB-409913F75AEA}.Debug|Any CPU.ActiveCfg = Debug|Any CPU
		{CB829403-9D51-43B6-93EB-409913F75AEA}.Debug|Any CPU.Build.0 = Debug|Any CPU
		{CB829403-9D51-43B6-93EB-409913F75AEA}.Release|Any CPU.ActiveCfg = Release|Any CPU
		{CB829403-9D51-43B6-93EB-409913F75AEA}.Release|Any CPU.Build.0 = Release|Any CPU
		{A78DCCA5-9C62-4C97-A613-D9CAF36A4EFE}.Debug|Any CPU.ActiveCfg = Debug|Any CPU
		{A78DCCA5-9C62-4C97-A613-D9CAF36A4EFE}.Debug|Any CPU.Build.0 = Debug|Any CPU
		{A78DCCA5-9C62-4C97-A613-D9CAF36A4EFE}.Release|Any CPU.ActiveCfg = Release|Any CPU
		{A78DCCA5-9C62-4C97-A613-D9CAF36A4EFE}.Release|Any CPU.Build.0 = Release|Any CPU
		{FFE650EB-ECB1-49E3-8B8E-61993FE8C95D}.Debug|Any CPU.ActiveCfg = Debug|Any CPU
		{FFE650EB-ECB1-49E3-8B8E-61993FE8C95D}.Debug|Any CPU.Build.0 = Debug|Any CPU
		{FFE650EB-ECB1-49E3-8B8E-61993FE8C95D}.Release|Any CPU.ActiveCfg = Release|Any CPU
		{FFE650EB-ECB1-49E3-8B8E-61993FE8C95D}.Release|Any CPU.Build.0 = Release|Any CPU
	EndGlobalSection
	GlobalSection(SolutionProperties) = preSolution
		HideSolutionNode = FALSE
	EndGlobalSection
	GlobalSection(ExtensibilityGlobals) = postSolution
		SolutionGuid = {C9A0F5F1-0E6E-488E-9E5A-27D1D32A0E34}
	EndGlobalSection
EndGlobal
